schema: '2.0'
stages:
  split:
    cmd: python lab_10_prepare.py
    deps:
    - path: imdb_movies.csv
      md5: cf6471460161d4e0a85271c467845d7c
      size: 50492646
    - path: lab_10_prepare.py
      md5: e0f6e525730ab3d991b5e5777ffa2ae0
      size: 1324
    outs:
    - path: test.csv
      md5: 9bd42fac150dd8a33d32b6326921d984
      size: 68005
    - path: train.csv
      md5: 7ba1b2b4673781406812f35569cb1ed0
      size: 204232
  train:
    cmd: python3 lab_10_train.py
    deps:
    - path: lab_10_train.py
      md5: 7717f393a6f1c6aea2b145ea1f2f6dd3
      size: 1285
    - path: test.csv
      md5: 9bd42fac150dd8a33d32b6326921d984
      size: 68005
    - path: train.csv
      md5: 7ba1b2b4673781406812f35569cb1ed0
      size: 204232
    outs:
    - path: results.csv
      md5: a52750b686aaeadd7cf4436cbe6904b5
      size: 16046
